
Microsoft Visual Studio Solution File, Format Version 12.00
# Visual Studio 15
VisualStudioVersion = 15.0.26621.2
MinimumVisualStudioVersion = 10.0.40219.1
Project("{FAE04EC0-301F-11D3-BF4B-00C04F79EFBC}") = "DFSample", "ControllerFunction\DFSample.csproj", "{3E970E5F-BEF4-433D-B0C7-36195F481505}"
EndProject
Global
	GlobalSection(SolutionConfigurationPlatforms) = preSolution
		Debug|Any CPU = Debug|Any CPU
		Release|Any CPU = Release|Any CPU
	EndGlobalSection
	GlobalSection(ProjectConfigurationPlatforms) = postSolution
		{3E970E5F-BEF4-433D-B0C7-36195F481505}.Debug|Any CPU.ActiveCfg = Debug|Any CPU
		{3E970E5F-BEF4-433D-B0C7-36195F481505}.Debug|Any CPU.Build.0 = Debug|Any CPU
		{3E970E5F-BEF4-433D-B0C7-36195F481505}.Release|Any CPU.ActiveCfg = Release|Any CPU
		{3E970E5F-BEF4-433D-B0C7-36195F481505}.Release|Any CPU.Build.0 = Release|Any CPU
	EndGlobalSection
	GlobalSection(SolutionProperties) = preSolution
		HideSolutionNode = FALSE
	EndGlobalSection
	GlobalSection(ExtensibilityGlobals) = postSolution
		SolutionGuid = {E458680A-ED44-4CD2-9E1F-D44A198F4BB4}
	EndGlobalSection
EndGlobal
